// !$*UTF8*$!
{
	archiveVersion = 1;
	classes = {
	};
	objectVersion = 52;
	objects = {

/* Begin PBXBuildFile section */
		0288C5FB26D41A81008FBC5E /* StocksApp.swift in Sources */ = {isa = PBXBuildFile; fileRef = 0288C5FA26D41A81008FBC5E /* StocksApp.swift */; };
		0288C5FD26D41A81008FBC5E /* ContentView.swift in Sources */ = {isa = PBXBuildFile; fileRef = 0288C5FC26D41A81008FBC5E /* ContentView.swift */; };
		0288C5FF26D41A89008FBC5E /* Assets.xcassets in Resources */ = {isa = PBXBuildFile; fileRef = 0288C5FE26D41A89008FBC5E /* Assets.xcassets */; };
		0288C60226D41A89008FBC5E /* Preview Assets.xcassets in Resources */ = {isa = PBXBuildFile; fileRef = 0288C60126D41A89008FBC5E /* Preview Assets.xcassets */; };
		0288C61526D41DFB008FBC5E /* Network.swift in Sources */ = {isa = PBXBuildFile; fileRef = 0288C61426D41DFB008FBC5E /* Network.swift */; };
		0288C61726D426FD008FBC5E /* GlobalQuote.swift in Sources */ = {isa = PBXBuildFile; fileRef = 0288C61626D426FD008FBC5E /* GlobalQuote.swift */; };
		0288C61926D428E4008FBC5E /* Quote.swift in Sources */ = {isa = PBXBuildFile; fileRef = 0288C61826D428E4008FBC5E /* Quote.swift */; };
		0288C61C26D42929008FBC5E /* API.swift in Sources */ = {isa = PBXBuildFile; fileRef = 0288C61B26D42929008FBC5E /* API.swift */; };
		0288C61E26D42BC1008FBC5E /* QuoteManagerProtocol.swift in Sources */ = {isa = PBXBuildFile; fileRef = 0288C61D26D42BC1008FBC5E /* QuoteManagerProtocol.swift */; };
		0288C62026D43327008FBC5E /* MockQuoteManager.swift in Sources */ = {isa = PBXBuildFile; fileRef = 0288C61F26D43327008FBC5E /* MockQuoteManager.swift */; };
		0288C62226D44D17008FBC5E /* StockQuoteManager.swift in Sources */ = {isa = PBXBuildFile; fileRef = 0288C62126D44D17008FBC5E /* StockQuoteManager.swift */; };
		0288C62526D530C0008FBC5E /* HeaderView.swift in Sources */ = {isa = PBXBuildFile; fileRef = 0288C62426D530C0008FBC5E /* HeaderView.swift */; };
		0288C62726D53410008FBC5E /* CustomTextFieldView.swift in Sources */ = {isa = PBXBuildFile; fileRef = 0288C62626D53410008FBC5E /* CustomTextFieldView.swift */; };
		0288C62926D536CF008FBC5E /* SearchTextView.swift in Sources */ = {isa = PBXBuildFile; fileRef = 0288C62826D536CF008FBC5E /* SearchTextView.swift */; };
		0288C62B26D53827008FBC5E /* QuoteCell.swift in Sources */ = {isa = PBXBuildFile; fileRef = 0288C62A26D53827008FBC5E /* QuoteCell.swift */; };
		0288C62D26D5397B008FBC5E /* MiniQuoteCell.swift in Sources */ = {isa = PBXBuildFile; fileRef = 0288C62C26D5397B008FBC5E /* MiniQuoteCell.swift */; };
		0288C62F26D5487C008FBC5E /* NewsResponse.swift in Sources */ = {isa = PBXBuildFile; fileRef = 0288C62E26D5487C008FBC5E /* NewsResponse.swift */; };
		0288C63126D548B4008FBC5E /* News.swift in Sources */ = {isa = PBXBuildFile; fileRef = 0288C63026D548B4008FBC5E /* News.swift */; };
		0288C63326D549F4008FBC5E /* NewsAPI.swift in Sources */ = {isa = PBXBuildFile; fileRef = 0288C63226D549F4008FBC5E /* NewsAPI.swift */; };
		0288C63626D54A2E008FBC5E /* NewsDownloadManager.swift in Sources */ = {isa = PBXBuildFile; fileRef = 0288C63526D54A2E008FBC5E /* NewsDownloadManager.swift */; };
		0288C63826D5673D008FBC5E /* BottomSheetView.swift in Sources */ = {isa = PBXBuildFile; fileRef = 0288C63726D5673D008FBC5E /* BottomSheetView.swift */; };
		0288C63A26D56EAC008FBC5E /* NewsSheetView.swift in Sources */ = {isa = PBXBuildFile; fileRef = 0288C63926D56EAC008FBC5E /* NewsSheetView.swift */; };
		0288C63C26D57536008FBC5E /* NewsHeaderView.swift in Sources */ = {isa = PBXBuildFile; fileRef = 0288C63B26D57536008FBC5E /* NewsHeaderView.swift */; };
		0288C63E26D579BA008FBC5E /* NewsListView.swift in Sources */ = {isa = PBXBuildFile; fileRef = 0288C63D26D579BA008FBC5E /* NewsListView.swift */; };
		0288C64126D595C9008FBC5E /* BetterSafariView in Frameworks */ = {isa = PBXBuildFile; productRef = 0288C64026D595C9008FBC5E /* BetterSafariView */; };
		0288C64426D596D8008FBC5E /* ImageLoader.swift in Sources */ = {isa = PBXBuildFile; fileRef = 0288C64326D596D8008FBC5E /* ImageLoader.swift */; };
		0288C64626D596E3008FBC5E /* ImageCache.swift in Sources */ = {isa = PBXBuildFile; fileRef = 0288C64526D596E3008FBC5E /* ImageCache.swift */; };
		0288C64826D596EF008FBC5E /* ImageCacheKey.swift in Sources */ = {isa = PBXBuildFile; fileRef = 0288C64726D596EF008FBC5E /* ImageCacheKey.swift */; };
		0288C64A26D596FA008FBC5E /* AsyncImage.swift in Sources */ = {isa = PBXBuildFile; fileRef = 0288C64926D596FA008FBC5E /* AsyncImage.swift */; };
		0288C64C26D68870008FBC5E /* SearchResponse.swift in Sources */ = {isa = PBXBuildFile; fileRef = 0288C64B26D68870008FBC5E /* SearchResponse.swift */; };
		0288C64E26D6888D008FBC5E /* Search.swift in Sources */ = {isa = PBXBuildFile; fileRef = 0288C64D26D6888D008FBC5E /* Search.swift */; };
		0288C65026D68911008FBC5E /* SearchManager.swift in Sources */ = {isa = PBXBuildFile; fileRef = 0288C64F26D68911008FBC5E /* SearchManager.swift */; };
		0288C65226D689FC008FBC5E /* UserDefaultsManager.swift in Sources */ = {isa = PBXBuildFile; fileRef = 0288C65126D689FC008FBC5E /* UserDefaultsManager.swift */; };
		0288C65426D68AC4008FBC5E /* Array+Extensions.swift in Sources */ = {isa = PBXBuildFile; fileRef = 0288C65326D68AC4008FBC5E /* Array+Extensions.swift */; };
		0288C65626D68B8A008FBC5E /* SearchView.swift in Sources */ = {isa = PBXBuildFile; fileRef = 0288C65526D68B8A008FBC5E /* SearchView.swift */; };
/* End PBXBuildFile section */

/* Begin PBXFileReference section */
		0288C5F726D41A81008FBC5E /* Stocks.app */ = {isa = PBXFileReference; explicitFileType = wrapper.application; includeInIndex = 0; path = Stocks.app; sourceTree = BUILT_PRODUCTS_DIR; };
		0288C5FA26D41A81008FBC5E /* StocksApp.swift */ = {isa = PBXFileReference; lastKnownFileType = sourcecode.swift; path = StocksApp.swift; sourceTree = "<group>"; };
		0288C5FC26D41A81008FBC5E /* ContentView.swift */ = {isa = PBXFileReference; lastKnownFileType = sourcecode.swift; path = ContentView.swift; sourceTree = "<group>"; };
		0288C5FE26D41A89008FBC5E /* Assets.xcassets */ = {isa = PBXFileReference; lastKnownFileType = folder.assetcatalog; path = Assets.xcassets; sourceTree = "<group>"; };
		0288C60126D41A89008FBC5E /* Preview Assets.xcassets */ = {isa = PBXFileReference; lastKnownFileType = folder.assetcatalog; path = "Preview Assets.xcassets"; sourceTree = "<group>"; };
		0288C60326D41A89008FBC5E /* Info.plist */ = {isa = PBXFileReference; lastKnownFileType = text.plist.xml; path = Info.plist; sourceTree = "<group>"; };
		0288C61426D41DFB008FBC5E /* Network.swift */ = {isa = PBXFileReference; lastKnownFileType = sourcecode.swift; path = Network.swift; sourceTree = "<group>"; };
		0288C61626D426FD008FBC5E /* GlobalQuote.swift */ = {isa = PBXFileReference; lastKnownFileType = sourcecode.swift; path = GlobalQuote.swift; sourceTree = "<group>"; };
		0288C61826D428E4008FBC5E /* Quote.swift */ = {isa = PBXFileReference; lastKnownFileType = sourcecode.swift; path = Quote.swift; sourceTree = "<group>"; };
		0288C61B26D42929008FBC5E /* API.swift */ = {isa = PBXFileReference; lastKnownFileType = sourcecode.swift; path = API.swift; sourceTree = "<group>"; };
		0288C61D26D42BC1008FBC5E /* QuoteManagerProtocol.swift */ = {isa = PBXFileReference; lastKnownFileType = sourcecode.swift; path = QuoteManagerProtocol.swift; sourceTree = "<group>"; };
		0288C61F26D43327008FBC5E /* MockQuoteManager.swift */ = {isa = PBXFileReference; lastKnownFileType = sourcecode.swift; path = MockQuoteManager.swift; sourceTree = "<group>"; };
		0288C62126D44D17008FBC5E /* StockQuoteManager.swift */ = {isa = PBXFileReference; lastKnownFileType = sourcecode.swift; path = StockQuoteManager.swift; sourceTree = "<group>"; };
		0288C62426D530C0008FBC5E /* HeaderView.swift */ = {isa = PBXFileReference; lastKnownFileType = sourcecode.swift; path = HeaderView.swift; sourceTree = "<group>"; };
		0288C62626D53410008FBC5E /* CustomTextFieldView.swift */ = {isa = PBXFileReference; lastKnownFileType = sourcecode.swift; path = CustomTextFieldView.swift; sourceTree = "<group>"; };
		0288C62826D536CF008FBC5E /* SearchTextView.swift */ = {isa = PBXFileReference; lastKnownFileType = sourcecode.swift; path = SearchTextView.swift; sourceTree = "<group>"; };
		0288C62A26D53827008FBC5E /* QuoteCell.swift */ = {isa = PBXFileReference; lastKnownFileType = sourcecode.swift; path = QuoteCell.swift; sourceTree = "<group>"; };
		0288C62C26D5397B008FBC5E /* MiniQuoteCell.swift */ = {isa = PBXFileReference; lastKnownFileType = sourcecode.swift; path = MiniQuoteCell.swift; sourceTree = "<group>"; };
		0288C62E26D5487C008FBC5E /* NewsResponse.swift */ = {isa = PBXFileReference; lastKnownFileType = sourcecode.swift; path = NewsResponse.swift; sourceTree = "<group>"; };
		0288C63026D548B4008FBC5E /* News.swift */ = {isa = PBXFileReference; lastKnownFileType = sourcecode.swift; path = News.swift; sourceTree = "<group>"; };
		0288C63226D549F4008FBC5E /* NewsAPI.swift */ = {isa = PBXFileReference; lastKnownFileType = sourcecode.swift; path = NewsAPI.swift; sourceTree = "<group>"; };
		0288C63526D54A2E008FBC5E /* NewsDownloadManager.swift */ = {isa = PBXFileReference; lastKnownFileType = sourcecode.swift; path = NewsDownloadManager.swift; sourceTree = "<group>"; };
		0288C63726D5673D008FBC5E /* BottomSheetView.swift */ = {isa = PBXFileReference; lastKnownFileType = sourcecode.swift; path = BottomSheetView.swift; sourceTree = "<group>"; };
		0288C63926D56EAC008FBC5E /* NewsSheetView.swift */ = {isa = PBXFileReference; lastKnownFileType = sourcecode.swift; path = NewsSheetView.swift; sourceTree = "<group>"; };
		0288C63B26D57536008FBC5E /* NewsHeaderView.swift */ = {isa = PBXFileReference; lastKnownFileType = sourcecode.swift; path = NewsHeaderView.swift; sourceTree = "<group>"; };
		0288C63D26D579BA008FBC5E /* NewsListView.swift */ = {isa = PBXFileReference; lastKnownFileType = sourcecode.swift; path = NewsListView.swift; sourceTree = "<group>"; };
		0288C64326D596D8008FBC5E /* ImageLoader.swift */ = {isa = PBXFileReference; lastKnownFileType = sourcecode.swift; path = ImageLoader.swift; sourceTree = "<group>"; };
		0288C64526D596E3008FBC5E /* ImageCache.swift */ = {isa = PBXFileReference; lastKnownFileType = sourcecode.swift; path = ImageCache.swift; sourceTree = "<group>"; };
		0288C64726D596EF008FBC5E /* ImageCacheKey.swift */ = {isa = PBXFileReference; lastKnownFileType = sourcecode.swift; path = ImageCacheKey.swift; sourceTree = "<group>"; };
		0288C64926D596FA008FBC5E /* AsyncImage.swift */ = {isa = PBXFileReference; lastKnownFileType = sourcecode.swift; path = AsyncImage.swift; sourceTree = "<group>"; };
		0288C64B26D68870008FBC5E /* SearchResponse.swift */ = {isa = PBXFileReference; lastKnownFileType = sourcecode.swift; path = SearchResponse.swift; sourceTree = "<group>"; };
		0288C64D26D6888D008FBC5E /* Search.swift */ = {isa = PBXFileReference; lastKnownFileType = sourcecode.swift; path = Search.swift; sourceTree = "<group>"; };
		0288C64F26D68911008FBC5E /* SearchManager.swift */ = {isa = PBXFileReference; lastKnownFileType = sourcecode.swift; path = SearchManager.swift; sourceTree = "<group>"; };
		0288C65126D689FC008FBC5E /* UserDefaultsManager.swift */ = {isa = PBXFileReference; lastKnownFileType = sourcecode.swift; path = UserDefaultsManager.swift; sourceTree = "<group>"; };
		0288C65326D68AC4008FBC5E /* Array+Extensions.swift */ = {isa = PBXFileReference; lastKnownFileType = sourcecode.swift; path = "Array+Extensions.swift"; sourceTree = "<group>"; };
		0288C65526D68B8A008FBC5E /* SearchView.swift */ = {isa = PBXFileReference; lastKnownFileType = sourcecode.swift; path = SearchView.swift; sourceTree = "<group>"; };
/* End PBXFileReference section */

/* Begin PBXFrameworksBuildPhase section */
		0288C5F426D41A81008FBC5E /* Frameworks */ = {
			isa = PBXFrameworksBuildPhase;
			buildActionMask = 2147483647;
			files = (
				0288C64126D595C9008FBC5E /* BetterSafariView in Frameworks */,
			);
			runOnlyForDeploymentPostprocessing = 0;
		};
/* End PBXFrameworksBuildPhase section */

/* Begin PBXGroup section */
		0288C5EE26D41A81008FBC5E = {
			isa = PBXGroup;
			children = (
				0288C5F926D41A81008FBC5E /* Stocks */,
				0288C5F826D41A81008FBC5E /* Products */,
			);
			sourceTree = "<group>";
		};
		0288C5F826D41A81008FBC5E /* Products */ = {
			isa = PBXGroup;
			children = (
				0288C5F726D41A81008FBC5E /* Stocks.app */,
			);
			name = Products;
			sourceTree = "<group>";
		};
		0288C5F926D41A81008FBC5E /* Stocks */ = {
			isa = PBXGroup;
			children = (
				0288C61326D41DAD008FBC5E /* Utils */,
				0288C60926D41D52008FBC5E /* Features */,
				0288C5FA26D41A81008FBC5E /* StocksApp.swift */,
				0288C5FC26D41A81008FBC5E /* ContentView.swift */,
				0288C5FE26D41A89008FBC5E /* Assets.xcassets */,
				0288C60326D41A89008FBC5E /* Info.plist */,
				0288C60026D41A89008FBC5E /* Preview Content */,
			);
			path = Stocks;
			sourceTree = "<group>";
		};
		0288C60026D41A89008FBC5E /* Preview Content */ = {
			isa = PBXGroup;
			children = (
				0288C60126D41A89008FBC5E /* Preview Assets.xcassets */,
			);
			path = "Preview Content";
			sourceTree = "<group>";
		};
		0288C60926D41D52008FBC5E /* Features */ = {
			isa = PBXGroup;
			children = (
				0288C61026D41D95008FBC5E /* News */,
				0288C60D26D41D77008FBC5E /* Search */,
				0288C60A26D41D60008FBC5E /* Quotes */,
			);
			path = Features;
			sourceTree = "<group>";
		};
		0288C60A26D41D60008FBC5E /* Quotes */ = {
			isa = PBXGroup;
			children = (
				0288C61A26D4291D008FBC5E /* Managers */,
				0288C60C26D41D71008FBC5E /* Views */,
				0288C60B26D41D6A008FBC5E /* Models */,
			);
			path = Quotes;
			sourceTree = "<group>";
		};
		0288C60B26D41D6A008FBC5E /* Models */ = {
			isa = PBXGroup;
			children = (
				0288C61626D426FD008FBC5E /* GlobalQuote.swift */,
				0288C61826D428E4008FBC5E /* Quote.swift */,
			);
			path = Models;
			sourceTree = "<group>";
		};
		0288C60C26D41D71008FBC5E /* Views */ = {
			isa = PBXGroup;
			children = (
				0288C62326D530A6008FBC5E /* Home */,
			);
			path = Views;
			sourceTree = "<group>";
		};
		0288C60D26D41D77008FBC5E /* Search */ = {
			isa = PBXGroup;
			children = (
				0288C60F26D41D8F008FBC5E /* Views */,
				0288C60E26D41D88008FBC5E /* Models */,
				0288C64F26D68911008FBC5E /* SearchManager.swift */,
			);
			path = Search;
			sourceTree = "<group>";
		};
		0288C60E26D41D88008FBC5E /* Models */ = {
			isa = PBXGroup;
			children = (
				0288C64B26D68870008FBC5E /* SearchResponse.swift */,
				0288C64D26D6888D008FBC5E /* Search.swift */,
			);
			path = Models;
			sourceTree = "<group>";
		};
		0288C60F26D41D8F008FBC5E /* Views */ = {
			isa = PBXGroup;
			children = (
				0288C65526D68B8A008FBC5E /* SearchView.swift */,
			);
			path = Views;
			sourceTree = "<group>";
		};
		0288C61026D41D95008FBC5E /* News */ = {
			isa = PBXGroup;
			children = (
				0288C63426D54A22008FBC5E /* Managers */,
				0288C61226D41D9E008FBC5E /* Views */,
				0288C61126D41D99008FBC5E /* Models */,
			);
			path = News;
			sourceTree = "<group>";
		};
		0288C61126D41D99008FBC5E /* Models */ = {
			isa = PBXGroup;
			children = (
				0288C62E26D5487C008FBC5E /* NewsResponse.swift */,
				0288C63026D548B4008FBC5E /* News.swift */,
				0288C63226D549F4008FBC5E /* NewsAPI.swift */,
			);
			path = Models;
			sourceTree = "<group>";
		};
		0288C61226D41D9E008FBC5E /* Views */ = {
			isa = PBXGroup;
			children = (
				0288C63726D5673D008FBC5E /* BottomSheetView.swift */,
				0288C63926D56EAC008FBC5E /* NewsSheetView.swift */,
				0288C63B26D57536008FBC5E /* NewsHeaderView.swift */,
				0288C63D26D579BA008FBC5E /* NewsListView.swift */,
			);
			path = Views;
			sourceTree = "<group>";
		};
		0288C61326D41DAD008FBC5E /* Utils */ = {
			isa = PBXGroup;
			children = (
				0288C64226D596BB008FBC5E /* AsyncImage */,
				0288C61426D41DFB008FBC5E /* Network.swift */,
				0288C62626D53410008FBC5E /* CustomTextFieldView.swift */,
				0288C65126D689FC008FBC5E /* UserDefaultsManager.swift */,
				0288C65326D68AC4008FBC5E /* Array+Extensions.swift */,
			);
			path = Utils;
			sourceTree = "<group>";
		};
		0288C61A26D4291D008FBC5E /* Managers */ = {
			isa = PBXGroup;
			children = (
				0288C61B26D42929008FBC5E /* API.swift */,
				0288C61D26D42BC1008FBC5E /* QuoteManagerProtocol.swift */,
				0288C61F26D43327008FBC5E /* MockQuoteManager.swift */,
				0288C62126D44D17008FBC5E /* StockQuoteManager.swift */,
			);
			path = Managers;
			sourceTree = "<group>";
		};
		0288C62326D530A6008FBC5E /* Home */ = {
			isa = PBXGroup;
			children = (
				0288C62426D530C0008FBC5E /* HeaderView.swift */,
				0288C62826D536CF008FBC5E /* SearchTextView.swift */,
				0288C62A26D53827008FBC5E /* QuoteCell.swift */,
				0288C62C26D5397B008FBC5E /* MiniQuoteCell.swift */,
			);
			path = Home;
			sourceTree = "<group>";
		};
		0288C63426D54A22008FBC5E /* Managers */ = {
			isa = PBXGroup;
			children = (
				0288C63526D54A2E008FBC5E /* NewsDownloadManager.swift */,
			);
			path = Managers;
			sourceTree = "<group>";
		};
		0288C64226D596BB008FBC5E /* AsyncImage */ = {
			isa = PBXGroup;
			children = (
				0288C64326D596D8008FBC5E /* ImageLoader.swift */,
				0288C64526D596E3008FBC5E /* ImageCache.swift */,
				0288C64726D596EF008FBC5E /* ImageCacheKey.swift */,
				0288C64926D596FA008FBC5E /* AsyncImage.swift */,
			);
			path = AsyncImage;
			sourceTree = "<group>";
		};
/* End PBXGroup section */

/* Begin PBXNativeTarget section */
		0288C5F626D41A81008FBC5E /* Stocks */ = {
			isa = PBXNativeTarget;
			buildConfigurationList = 0288C60626D41A89008FBC5E /* Build configuration list for PBXNativeTarget "Stocks" */;
			buildPhases = (
				0288C5F326D41A81008FBC5E /* Sources */,
				0288C5F426D41A81008FBC5E /* Frameworks */,
				0288C5F526D41A81008FBC5E /* Resources */,
			);
			buildRules = (
			);
			dependencies = (
			);
			name = Stocks;
			packageProductDependencies = (
				0288C64026D595C9008FBC5E /* BetterSafariView */,
			);
			productName = Stocks;
			productReference = 0288C5F726D41A81008FBC5E /* Stocks.app */;
			productType = "com.apple.product-type.application";
		};
/* End PBXNativeTarget section */

/* Begin PBXProject section */
		0288C5EF26D41A81008FBC5E /* Project object */ = {
			isa = PBXProject;
			attributes = {
				LastSwiftUpdateCheck = 1250;
				LastUpgradeCheck = 1250;
				TargetAttributes = {
					0288C5F626D41A81008FBC5E = {
						CreatedOnToolsVersion = 12.5.1;
					};
				};
			};
			buildConfigurationList = 0288C5F226D41A81008FBC5E /* Build configuration list for PBXProject "Stocks" */;
			compatibilityVersion = "Xcode 9.3";
			developmentRegion = en;
			hasScannedForEncodings = 0;
			knownRegions = (
				en,
				Base,
			);
			mainGroup = 0288C5EE26D41A81008FBC5E;
			packageReferences = (
				0288C63F26D595C8008FBC5E /* XCRemoteSwiftPackageReference "BetterSafariView" */,
			);
			productRefGroup = 0288C5F826D41A81008FBC5E /* Products */;
			projectDirPath = "";
			projectRoot = "";
			targets = (
				0288C5F626D41A81008FBC5E /* Stocks */,
			);
		};
/* End PBXProject section */

/* Begin PBXResourcesBuildPhase section */
		0288C5F526D41A81008FBC5E /* Resources */ = {
			isa = PBXResourcesBuildPhase;
			buildActionMask = 2147483647;
			files = (
				0288C60226D41A89008FBC5E /* Preview Assets.xcassets in Resources */,
				0288C5FF26D41A89008FBC5E /* Assets.xcassets in Resources */,
			);
			runOnlyForDeploymentPostprocessing = 0;
		};
/* End PBXResourcesBuildPhase section */

/* Begin PBXSourcesBuildPhase section */
		0288C5F326D41A81008FBC5E /* Sources */ = {
			isa = PBXSourcesBuildPhase;
			buildActionMask = 2147483647;
			files = (
				0288C5FD26D41A81008FBC5E /* ContentView.swift in Sources */,
				0288C62926D536CF008FBC5E /* SearchTextView.swift in Sources */,
				0288C63C26D57536008FBC5E /* NewsHeaderView.swift in Sources */,
				0288C63126D548B4008FBC5E /* News.swift in Sources */,
				0288C5FB26D41A81008FBC5E /* StocksApp.swift in Sources */,
				0288C63E26D579BA008FBC5E /* NewsListView.swift in Sources */,
				0288C62B26D53827008FBC5E /* QuoteCell.swift in Sources */,
				0288C62726D53410008FBC5E /* CustomTextFieldView.swift in Sources */,
				0288C64C26D68870008FBC5E /* SearchResponse.swift in Sources */,
				0288C65426D68AC4008FBC5E /* Array+Extensions.swift in Sources */,
				0288C64826D596EF008FBC5E /* ImageCacheKey.swift in Sources */,
				0288C61526D41DFB008FBC5E /* Network.swift in Sources */,
				0288C63A26D56EAC008FBC5E /* NewsSheetView.swift in Sources */,
				0288C63326D549F4008FBC5E /* NewsAPI.swift in Sources */,
				0288C64E26D6888D008FBC5E /* Search.swift in Sources */,
				0288C61926D428E4008FBC5E /* Quote.swift in Sources */,
				0288C62026D43327008FBC5E /* MockQuoteManager.swift in Sources */,
				0288C63826D5673D008FBC5E /* BottomSheetView.swift in Sources */,
				0288C63626D54A2E008FBC5E /* NewsDownloadManager.swift in Sources */,
				0288C64426D596D8008FBC5E /* ImageLoader.swift in Sources */,
				0288C62526D530C0008FBC5E /* HeaderView.swift in Sources */,
				0288C62226D44D17008FBC5E /* StockQuoteManager.swift in Sources */,
				0288C65026D68911008FBC5E /* SearchManager.swift in Sources */,
				0288C64626D596E3008FBC5E /* ImageCache.swift in Sources */,
				0288C61C26D42929008FBC5E /* API.swift in Sources */,
				0288C62F26D5487C008FBC5E /* NewsResponse.swift in Sources */,
				0288C62D26D5397B008FBC5E /* MiniQuoteCell.swift in Sources */,
				0288C65226D689FC008FBC5E /* UserDefaultsManager.swift in Sources */,
				0288C65626D68B8A008FBC5E /* SearchView.swift in Sources */,
				0288C61726D426FD008FBC5E /* GlobalQuote.swift in Sources */,
				0288C64A26D596FA008FBC5E /* AsyncImage.swift in Sources */,
				0288C61E26D42BC1008FBC5E /* QuoteManagerProtocol.swift in Sources */,
			);
			runOnlyForDeploymentPostprocessing = 0;
		};
/* End PBXSourcesBuildPhase section */

/* Begin XCBuildConfiguration section */
		0288C60426D41A89008FBC5E /* Debug */ = {
			isa = XCBuildConfiguration;
			buildSettings = {
				ALWAYS_SEARCH_USER_PATHS = NO;
				CLANG_ANALYZER_NONNULL = YES;
				CLANG_ANALYZER_NUMBER_OBJECT_CONVERSION = YES_AGGRESSIVE;
				CLANG_CXX_LANGUAGE_STANDARD = "gnu++14";
				CLANG_CXX_LIBRARY = "libc++";
				CLANG_ENABLE_MODULES = YES;
				CLANG_ENABLE_OBJC_ARC = YES;
				CLANG_ENABLE_OBJC_WEAK = YES;
				CLANG_WARN_BLOCK_CAPTURE_AUTORELEASING = YES;
				CLANG_WARN_BOOL_CONVERSION = YES;
				CLANG_WARN_COMMA = YES;
				CLANG_WARN_CONSTANT_CONVERSION = YES;
				CLANG_WARN_DEPRECATED_OBJC_IMPLEMENTATIONS = YES;
				CLANG_WARN_DIRECT_OBJC_ISA_USAGE = YES_ERROR;
				CLANG_WARN_DOCUMENTATION_COMMENTS = YES;
				CLANG_WARN_EMPTY_BODY = YES;
				CLANG_WARN_ENUM_CONVERSION = YES;
				CLANG_WARN_INFINITE_RECURSION = YES;
				CLANG_WARN_INT_CONVERSION = YES;
				CLANG_WARN_NON_LITERAL_NULL_CONVERSION = YES;
				CLANG_WARN_OBJC_IMPLICIT_RETAIN_SELF = YES;
				CLANG_WARN_OBJC_LITERAL_CONVERSION = YES;
				CLANG_WARN_OBJC_ROOT_CLASS = YES_ERROR;
				CLANG_WARN_QUOTED_INCLUDE_IN_FRAMEWORK_HEADER = YES;
				CLANG_WARN_RANGE_LOOP_ANALYSIS = YES;
				CLANG_WARN_STRICT_PROTOTYPES = YES;
				CLANG_WARN_SUSPICIOUS_MOVE = YES;
				CLANG_WARN_UNGUARDED_AVAILABILITY = YES_AGGRESSIVE;
				CLANG_WARN_UNREACHABLE_CODE = YES;
				CLANG_WARN__DUPLICATE_METHOD_MATCH = YES;
				COPY_PHASE_STRIP = NO;
				DEBUG_INFORMATION_FORMAT = dwarf;
				ENABLE_STRICT_OBJC_MSGSEND = YES;
				ENABLE_TESTABILITY = YES;
				GCC_C_LANGUAGE_STANDARD = gnu11;
				GCC_DYNAMIC_NO_PIC = NO;
				GCC_NO_COMMON_BLOCKS = YES;
				GCC_OPTIMIZATION_LEVEL = 0;
				GCC_PREPROCESSOR_DEFINITIONS = (
					"DEBUG=1",
					"$(inherited)",
				);
				GCC_WARN_64_TO_32_BIT_CONVERSION = YES;
				GCC_WARN_ABOUT_RETURN_TYPE = YES_ERROR;
				GCC_WARN_UNDECLARED_SELECTOR = YES;
				GCC_WARN_UNINITIALIZED_AUTOS = YES_AGGRESSIVE;
				GCC_WARN_UNUSED_FUNCTION = YES;
				GCC_WARN_UNUSED_VARIABLE = YES;
				IPHONEOS_DEPLOYMENT_TARGET = 14.5;
				MTL_ENABLE_DEBUG_INFO = INCLUDE_SOURCE;
				MTL_FAST_MATH = YES;
				ONLY_ACTIVE_ARCH = YES;
				SDKROOT = iphoneos;
				SWIFT_ACTIVE_COMPILATION_CONDITIONS = DEBUG;
				SWIFT_OPTIMIZATION_LEVEL = "-Onone";
			};
			name = Debug;
		};
		0288C60526D41A89008FBC5E /* Release */ = {
			isa = XCBuildConfiguration;
			buildSettings = {
				ALWAYS_SEARCH_USER_PATHS = NO;
				CLANG_ANALYZER_NONNULL = YES;
				CLANG_ANALYZER_NUMBER_OBJECT_CONVERSION = YES_AGGRESSIVE;
				CLANG_CXX_LANGUAGE_STANDARD = "gnu++14";
				CLANG_CXX_LIBRARY = "libc++";
				CLANG_ENABLE_MODULES = YES;
				CLANG_ENABLE_OBJC_ARC = YES;
				CLANG_ENABLE_OBJC_WEAK = YES;
				CLANG_WARN_BLOCK_CAPTURE_AUTORELEASING = YES;
				CLANG_WARN_BOOL_CONVERSION = YES;
				CLANG_WARN_COMMA = YES;
				CLANG_WARN_CONSTANT_CONVERSION = YES;
				CLANG_WARN_DEPRECATED_OBJC_IMPLEMENTATIONS = YES;
				CLANG_WARN_DIRECT_OBJC_ISA_USAGE = YES_ERROR;
				CLANG_WARN_DOCUMENTATION_COMMENTS = YES;
				CLANG_WARN_EMPTY_BODY = YES;
				CLANG_WARN_ENUM_CONVERSION = YES;
				CLANG_WARN_INFINITE_RECURSION = YES;
				CLANG_WARN_INT_CONVERSION = YES;
				CLANG_WARN_NON_LITERAL_NULL_CONVERSION = YES;
				CLANG_WARN_OBJC_IMPLICIT_RETAIN_SELF = YES;
				CLANG_WARN_OBJC_LITERAL_CONVERSION = YES;
				CLANG_WARN_OBJC_ROOT_CLASS = YES_ERROR;
				CLANG_WARN_QUOTED_INCLUDE_IN_FRAMEWORK_HEADER = YES;
				CLANG_WARN_RANGE_LOOP_ANALYSIS = YES;
				CLANG_WARN_STRICT_PROTOTYPES = YES;
				CLANG_WARN_SUSPICIOUS_MOVE = YES;
				CLANG_WARN_UNGUARDED_AVAILABILITY = YES_AGGRESSIVE;
				CLANG_WARN_UNREACHABLE_CODE = YES;
				CLANG_WARN__DUPLICATE_METHOD_MATCH = YES;
				COPY_PHASE_STRIP = NO;
				DEBUG_INFORMATION_FORMAT = "dwarf-with-dsym";
				ENABLE_NS_ASSERTIONS = NO;
				ENABLE_STRICT_OBJC_MSGSEND = YES;
				GCC_C_LANGUAGE_STANDARD = gnu11;
				GCC_NO_COMMON_BLOCKS = YES;
				GCC_WARN_64_TO_32_BIT_CONVERSION = YES;
				GCC_WARN_ABOUT_RETURN_TYPE = YES_ERROR;
				GCC_WARN_UNDECLARED_SELECTOR = YES;
				GCC_WARN_UNINITIALIZED_AUTOS = YES_AGGRESSIVE;
				GCC_WARN_UNUSED_FUNCTION = YES;
				GCC_WARN_UNUSED_VARIABLE = YES;
				IPHONEOS_DEPLOYMENT_TARGET = 14.5;
				MTL_ENABLE_DEBUG_INFO = NO;
				MTL_FAST_MATH = YES;
				SDKROOT = iphoneos;
				SWIFT_COMPILATION_MODE = wholemodule;
				SWIFT_OPTIMIZATION_LEVEL = "-O";
				VALIDATE_PRODUCT = YES;
			};
			name = Release;
		};
		0288C60726D41A89008FBC5E /* Debug */ = {
			isa = XCBuildConfiguration;
			buildSettings = {
				ASSETCATALOG_COMPILER_APPICON_NAME = AppIcon;
				ASSETCATALOG_COMPILER_GLOBAL_ACCENT_COLOR_NAME = AccentColor;
				CODE_SIGN_STYLE = Automatic;
				DEVELOPMENT_ASSET_PATHS = "\"Stocks/Preview Content\"";
				ENABLE_PREVIEWS = YES;
				INFOPLIST_FILE = Stocks/Info.plist;
				IPHONEOS_DEPLOYMENT_TARGET = 14.0;
				LD_RUNPATH_SEARCH_PATHS = (
					"$(inherited)",
					"@executable_path/Frameworks",
				);
				PRODUCT_BUNDLE_IDENTIFIER = katiemcb.Stocks;
				PRODUCT_NAME = "$(TARGET_NAME)";
				SWIFT_VERSION = 5.0;
				TARGETED_DEVICE_FAMILY = "1,2";
			};
			name = Debug;
		};
		0288C60826D41A89008FBC5E /* Release */ = {
			isa = XCBuildConfiguration;
			buildSettings = {
				ASSETCATALOG_COMPILER_APPICON_NAME = AppIcon;
				ASSETCATALOG_COMPILER_GLOBAL_ACCENT_COLOR_NAME = AccentColor;
				CODE_SIGN_STYLE = Automatic;
				DEVELOPMENT_ASSET_PATHS = "\"Stocks/Preview Content\"";
				ENABLE_PREVIEWS = YES;
				INFOPLIST_FILE = Stocks/Info.plist;
				IPHONEOS_DEPLOYMENT_TARGET = 14.0;
				LD_RUNPATH_SEARCH_PATHS = (
					"$(inherited)",
					"@executable_path/Frameworks",
				);
				PRODUCT_BUNDLE_IDENTIFIER = katiemcb.Stocks;
				PRODUCT_NAME = "$(TARGET_NAME)";
				SWIFT_VERSION = 5.0;
				TARGETED_DEVICE_FAMILY = "1,2";
			};
			name = Release;
		};
/* End XCBuildConfiguration section */

/* Begin XCConfigurationList section */
		0288C5F226D41A81008FBC5E /* Build configuration list for PBXProject "Stocks" */ = {
			isa = XCConfigurationList;
			buildConfigurations = (
				0288C60426D41A89008FBC5E /* Debug */,
				0288C60526D41A89008FBC5E /* Release */,
			);
			defaultConfigurationIsVisible = 0;
			defaultConfigurationName = Release;
		};
		0288C60626D41A89008FBC5E /* Build configuration list for PBXNativeTarget "Stocks" */ = {
			isa = XCConfigurationList;
			buildConfigurations = (
				0288C60726D41A89008FBC5E /* Debug */,
				0288C60826D41A89008FBC5E /* Release */,
			);
			defaultConfigurationIsVisible = 0;
			defaultConfigurationName = Release;
		};
/* End XCConfigurationList section */

/* Begin XCRemoteSwiftPackageReference section */
		0288C63F26D595C8008FBC5E /* XCRemoteSwiftPackageReference "BetterSafariView" */ = {
			isa = XCRemoteSwiftPackageReference;
			repositoryURL = "https://github.com/stleamist/BetterSafariView";
			requirement = {
				kind = upToNextMajorVersion;
				minimumVersion = 2.3.1;
			};
		};
/* End XCRemoteSwiftPackageReference section */

/* Begin XCSwiftPackageProductDependency section */
		0288C64026D595C9008FBC5E /* BetterSafariView */ = {
			isa = XCSwiftPackageProductDependency;
			package = 0288C63F26D595C8008FBC5E /* XCRemoteSwiftPackageReference "BetterSafariView" */;
			productName = BetterSafariView;
		};
/* End XCSwiftPackageProductDependency section */
	};
	rootObject = 0288C5EF26D41A81008FBC5E /* Project object */;
}
